// !$*UTF8*$!
{
	archiveVersion = 1;
	classes = {
	};
	objectVersion = 55;
	objects = {

/* Begin PBXBuildFile section */
		817AAE8228BD94D000D5D870 /* AppDelegate.swift in Sources */ = {isa = PBXBuildFile; fileRef = 817AAE8128BD94D000D5D870 /* AppDelegate.swift */; };
		817AAE8428BD94D000D5D870 /* SceneDelegate.swift in Sources */ = {isa = PBXBuildFile; fileRef = 817AAE8328BD94D000D5D870 /* SceneDelegate.swift */; };
		817AAE8628BD94D000D5D870 /* ViewController.swift in Sources */ = {isa = PBXBuildFile; fileRef = 817AAE8528BD94D000D5D870 /* ViewController.swift */; };
		817AAE8928BD94D000D5D870 /* Main.storyboard in Resources */ = {isa = PBXBuildFile; fileRef = 817AAE8728BD94D000D5D870 /* Main.storyboard */; };
		817AAE8B28BD94D200D5D870 /* Assets.xcassets in Resources */ = {isa = PBXBuildFile; fileRef = 817AAE8A28BD94D200D5D870 /* Assets.xcassets */; };
		817AAE8E28BD94D200D5D870 /* LaunchScreen.storyboard in Resources */ = {isa = PBXBuildFile; fileRef = 817AAE8C28BD94D200D5D870 /* LaunchScreen.storyboard */; };
		817AAE9728BD94EC00D5D870 /* LottoAPIManager.swift in Sources */ = {isa = PBXBuildFile; fileRef = 817AAE9628BD94EC00D5D870 /* LottoAPIManager.swift */; };
		817AAE9928BD9BC200D5D870 /* Lotto.swift in Sources */ = {isa = PBXBuildFile; fileRef = 817AAE9828BD9BC200D5D870 /* Lotto.swift */; };
		817AAE9C28BDA73500D5D870 /* PersonAPIManager.swift in Sources */ = {isa = PBXBuildFile; fileRef = 817AAE9B28BDA73500D5D870 /* PersonAPIManager.swift */; };
		817AAE9E28BDA88400D5D870 /* Person.swift in Sources */ = {isa = PBXBuildFile; fileRef = 817AAE9D28BDA88400D5D870 /* Person.swift */; };
		817AAEA028BDB75800D5D870 /* URLSession + Extension.swift in Sources */ = {isa = PBXBuildFile; fileRef = 817AAE9F28BDB75800D5D870 /* URLSession + Extension.swift */; };
		817CA5D828BEF8D000E40423 /* Observable.swift in Sources */ = {isa = PBXBuildFile; fileRef = 817CA5D728BEF8D000E40423 /* Observable.swift */; };
		817CA5DA28BEFC0F00E40423 /* PersonViewModel.swift in Sources */ = {isa = PBXBuildFile; fileRef = 817CA5D928BEFC0F00E40423 /* PersonViewModel.swift */; };
		817CA62728C037F400E40423 /* Sample.swift in Sources */ = {isa = PBXBuildFile; fileRef = 817CA62628C037F400E40423 /* Sample.swift */; };
		817CA62928C0484700E40423 /* LoginViewController.swift in Sources */ = {isa = PBXBuildFile; fileRef = 817CA62828C0484700E40423 /* LoginViewController.swift */; };
		817CA62B28C049FC00E40423 /* LoginViewModel.swift in Sources */ = {isa = PBXBuildFile; fileRef = 817CA62A28C049FC00E40423 /* LoginViewModel.swift */; };
		817CA62D28C05AE400E40423 /* LottoViewController.swift in Sources */ = {isa = PBXBuildFile; fileRef = 817CA62C28C05AE400E40423 /* LottoViewController.swift */; };
		817CA62F28C05C1900E40423 /* LottoViewModel.swift in Sources */ = {isa = PBXBuildFile; fileRef = 817CA62E28C05C1900E40423 /* LottoViewModel.swift */; };
		81CC06A928C6D595002A986F /* Localizable.strings in Resources */ = {isa = PBXBuildFile; fileRef = 81CC06AB28C6D595002A986F /* Localizable.strings */; };
		81CC06AF28C6D951002A986F /* LocalizableViewController.swift in Sources */ = {isa = PBXBuildFile; fileRef = 81CC06AE28C6D951002A986F /* LocalizableViewController.swift */; };
		81CC06B228C6E0D0002A986F /* InfoPlist.strings in Resources */ = {isa = PBXBuildFile; fileRef = 81CC06B428C6E0D0002A986F /* InfoPlist.strings */; };
		81CFA5A028C1865E00C1C04A /* GCDViewController.swift in Sources */ = {isa = PBXBuildFile; fileRef = 81CFA59F28C1865E00C1C04A /* GCDViewController.swift */; };
/* End PBXBuildFile section */

/* Begin PBXFileReference section */
		811925DA28C6D03900A190A8 /* ko */ = {isa = PBXFileReference; lastKnownFileType = text.plist.strings; name = ko; path = ko.lproj/Main.strings; sourceTree = "<group>"; };
		811925DB28C6D03900A190A8 /* ko */ = {isa = PBXFileReference; lastKnownFileType = text.plist.strings; name = ko; path = ko.lproj/LaunchScreen.strings; sourceTree = "<group>"; };
		817AAE7E28BD94D000D5D870 /* SeSACWeek9.app */ = {isa = PBXFileReference; explicitFileType = wrapper.application; includeInIndex = 0; path = SeSACWeek9.app; sourceTree = BUILT_PRODUCTS_DIR; };
		817AAE8128BD94D000D5D870 /* AppDelegate.swift */ = {isa = PBXFileReference; lastKnownFileType = sourcecode.swift; path = AppDelegate.swift; sourceTree = "<group>"; };
		817AAE8328BD94D000D5D870 /* SceneDelegate.swift */ = {isa = PBXFileReference; lastKnownFileType = sourcecode.swift; path = SceneDelegate.swift; sourceTree = "<group>"; };
		817AAE8528BD94D000D5D870 /* ViewController.swift */ = {isa = PBXFileReference; lastKnownFileType = sourcecode.swift; path = ViewController.swift; sourceTree = "<group>"; };
		817AAE8828BD94D000D5D870 /* Base */ = {isa = PBXFileReference; lastKnownFileType = file.storyboard; name = Base; path = Base.lproj/Main.storyboard; sourceTree = "<group>"; };
		817AAE8A28BD94D200D5D870 /* Assets.xcassets */ = {isa = PBXFileReference; lastKnownFileType = folder.assetcatalog; path = Assets.xcassets; sourceTree = "<group>"; };
		817AAE8D28BD94D200D5D870 /* Base */ = {isa = PBXFileReference; lastKnownFileType = file.storyboard; name = Base; path = Base.lproj/LaunchScreen.storyboard; sourceTree = "<group>"; };
		817AAE8F28BD94D200D5D870 /* Info.plist */ = {isa = PBXFileReference; lastKnownFileType = text.plist.xml; path = Info.plist; sourceTree = "<group>"; };
		817AAE9628BD94EC00D5D870 /* LottoAPIManager.swift */ = {isa = PBXFileReference; lastKnownFileType = sourcecode.swift; path = LottoAPIManager.swift; sourceTree = "<group>"; };
		817AAE9828BD9BC200D5D870 /* Lotto.swift */ = {isa = PBXFileReference; lastKnownFileType = sourcecode.swift; path = Lotto.swift; sourceTree = "<group>"; };
		817AAE9B28BDA73500D5D870 /* PersonAPIManager.swift */ = {isa = PBXFileReference; lastKnownFileType = sourcecode.swift; path = PersonAPIManager.swift; sourceTree = "<group>"; };
		817AAE9D28BDA88400D5D870 /* Person.swift */ = {isa = PBXFileReference; lastKnownFileType = sourcecode.swift; path = Person.swift; sourceTree = "<group>"; };
		817AAE9F28BDB75800D5D870 /* URLSession + Extension.swift */ = {isa = PBXFileReference; lastKnownFileType = sourcecode.swift; path = "URLSession + Extension.swift"; sourceTree = "<group>"; };
		817CA5D728BEF8D000E40423 /* Observable.swift */ = {isa = PBXFileReference; lastKnownFileType = sourcecode.swift; path = Observable.swift; sourceTree = "<group>"; };
		817CA5D928BEFC0F00E40423 /* PersonViewModel.swift */ = {isa = PBXFileReference; lastKnownFileType = sourcecode.swift; path = PersonViewModel.swift; sourceTree = "<group>"; };
		817CA62628C037F400E40423 /* Sample.swift */ = {isa = PBXFileReference; lastKnownFileType = sourcecode.swift; path = Sample.swift; sourceTree = "<group>"; };
		817CA62828C0484700E40423 /* LoginViewController.swift */ = {isa = PBXFileReference; lastKnownFileType = sourcecode.swift; path = LoginViewController.swift; sourceTree = "<group>"; };
		817CA62A28C049FC00E40423 /* LoginViewModel.swift */ = {isa = PBXFileReference; lastKnownFileType = sourcecode.swift; path = LoginViewModel.swift; sourceTree = "<group>"; };
		817CA62C28C05AE400E40423 /* LottoViewController.swift */ = {isa = PBXFileReference; lastKnownFileType = sourcecode.swift; path = LottoViewController.swift; sourceTree = "<group>"; };
		817CA62E28C05C1900E40423 /* LottoViewModel.swift */ = {isa = PBXFileReference; lastKnownFileType = sourcecode.swift; path = LottoViewModel.swift; sourceTree = "<group>"; };
		81CC06A328C6D094002A986F /* ja */ = {isa = PBXFileReference; lastKnownFileType = text.plist.strings; name = ja; path = ja.lproj/Main.strings; sourceTree = "<group>"; };
		81CC06A428C6D094002A986F /* ja */ = {isa = PBXFileReference; lastKnownFileType = text.plist.strings; name = ja; path = ja.lproj/LaunchScreen.strings; sourceTree = "<group>"; };
		81CC06A628C6D1A8002A986F /* en */ = {isa = PBXFileReference; lastKnownFileType = text.plist.strings; name = en; path = en.lproj/Main.strings; sourceTree = "<group>"; };
		81CC06AA28C6D595002A986F /* ko */ = {isa = PBXFileReference; lastKnownFileType = text.plist.strings; name = ko; path = ko.lproj/Localizable.strings; sourceTree = "<group>"; };
		81CC06AC28C6D5A9002A986F /* en */ = {isa = PBXFileReference; lastKnownFileType = text.plist.strings; name = en; path = en.lproj/Localizable.strings; sourceTree = "<group>"; };
		81CC06AD28C6D5A9002A986F /* ja */ = {isa = PBXFileReference; lastKnownFileType = text.plist.strings; name = ja; path = ja.lproj/Localizable.strings; sourceTree = "<group>"; };
		81CC06AE28C6D951002A986F /* LocalizableViewController.swift */ = {isa = PBXFileReference; lastKnownFileType = sourcecode.swift; path = LocalizableViewController.swift; sourceTree = "<group>"; };
		81CC06B328C6E0D0002A986F /* en */ = {isa = PBXFileReference; lastKnownFileType = text.plist.strings; name = en; path = en.lproj/InfoPlist.strings; sourceTree = "<group>"; };
		81CC06B528C6E0D1002A986F /* ja */ = {isa = PBXFileReference; lastKnownFileType = text.plist.strings; name = ja; path = ja.lproj/InfoPlist.strings; sourceTree = "<group>"; };
		81CC06B628C6E0D1002A986F /* ko */ = {isa = PBXFileReference; lastKnownFileType = text.plist.strings; name = ko; path = ko.lproj/InfoPlist.strings; sourceTree = "<group>"; };
		81CFA59F28C1865E00C1C04A /* GCDViewController.swift */ = {isa = PBXFileReference; lastKnownFileType = sourcecode.swift; path = GCDViewController.swift; sourceTree = "<group>"; };
/* End PBXFileReference section */

/* Begin PBXFrameworksBuildPhase section */
		817AAE7B28BD94D000D5D870 /* Frameworks */ = {
			isa = PBXFrameworksBuildPhase;
			buildActionMask = 2147483647;
			files = (
			);
			runOnlyForDeploymentPostprocessing = 0;
		};
/* End PBXFrameworksBuildPhase section */

/* Begin PBXGroup section */
		817AAE7528BD94D000D5D870 = {
			isa = PBXGroup;
			children = (
				817AAE8028BD94D000D5D870 /* SeSACWeek9 */,
				817AAE7F28BD94D000D5D870 /* Products */,
			);
			sourceTree = "<group>";
		};
		817AAE7F28BD94D000D5D870 /* Products */ = {
			isa = PBXGroup;
			children = (
				817AAE7E28BD94D000D5D870 /* SeSACWeek9.app */,
			);
			name = Products;
			sourceTree = "<group>";
		};
		817AAE8028BD94D000D5D870 /* SeSACWeek9 */ = {
			isa = PBXGroup;
			children = (
				817AAE9A28BDA71C00D5D870 /* Person */,
				817AAE9528BD94E000D5D870 /* Lotto */,
				817AAE8128BD94D000D5D870 /* AppDelegate.swift */,
				817AAE8328BD94D000D5D870 /* SceneDelegate.swift */,
				817AAE8528BD94D000D5D870 /* ViewController.swift */,
				817AAE8728BD94D000D5D870 /* Main.storyboard */,
				81CC06AE28C6D951002A986F /* LocalizableViewController.swift */,
				817CA62C28C05AE400E40423 /* LottoViewController.swift */,
				817CA62828C0484700E40423 /* LoginViewController.swift */,
				817CA62A28C049FC00E40423 /* LoginViewModel.swift */,
				817AAE8A28BD94D200D5D870 /* Assets.xcassets */,
				817AAE8C28BD94D200D5D870 /* LaunchScreen.storyboard */,
				817AAE8F28BD94D200D5D870 /* Info.plist */,
				81CC06B428C6E0D0002A986F /* InfoPlist.strings */,
				817AAE9F28BDB75800D5D870 /* URLSession + Extension.swift */,
				817CA5D728BEF8D000E40423 /* Observable.swift */,
				817CA62628C037F400E40423 /* Sample.swift */,
				81CFA59F28C1865E00C1C04A /* GCDViewController.swift */,
				81CC06AB28C6D595002A986F /* Localizable.strings */,
			);
			path = SeSACWeek9;
			sourceTree = "<group>";
		};
		817AAE9528BD94E000D5D870 /* Lotto */ = {
			isa = PBXGroup;
			children = (
				817AAE9628BD94EC00D5D870 /* LottoAPIManager.swift */,
				817AAE9828BD9BC200D5D870 /* Lotto.swift */,
				817CA62E28C05C1900E40423 /* LottoViewModel.swift */,
			);
			path = Lotto;
			sourceTree = "<group>";
		};
		817AAE9A28BDA71C00D5D870 /* Person */ = {
			isa = PBXGroup;
			children = (
				817AAE9B28BDA73500D5D870 /* PersonAPIManager.swift */,
				817AAE9D28BDA88400D5D870 /* Person.swift */,
				817CA5D928BEFC0F00E40423 /* PersonViewModel.swift */,
			);
			path = Person;
			sourceTree = "<group>";
		};
/* End PBXGroup section */

/* Begin PBXNativeTarget section */
		817AAE7D28BD94D000D5D870 /* SeSACWeek9 */ = {
			isa = PBXNativeTarget;
			buildConfigurationList = 817AAE9228BD94D200D5D870 /* Build configuration list for PBXNativeTarget "SeSACWeek9" */;
			buildPhases = (
				817AAE7A28BD94D000D5D870 /* Sources */,
				817AAE7B28BD94D000D5D870 /* Frameworks */,
				817AAE7C28BD94D000D5D870 /* Resources */,
			);
			buildRules = (
			);
			dependencies = (
			);
			name = SeSACWeek9;
			productName = SeSACWeek9;
			productReference = 817AAE7E28BD94D000D5D870 /* SeSACWeek9.app */;
			productType = "com.apple.product-type.application";
		};
/* End PBXNativeTarget section */

/* Begin PBXProject section */
		817AAE7628BD94D000D5D870 /* Project object */ = {
			isa = PBXProject;
			attributes = {
				BuildIndependentTargetsInParallel = 1;
				LastSwiftUpdateCheck = 1340;
				LastUpgradeCheck = 1340;
				TargetAttributes = {
					817AAE7D28BD94D000D5D870 = {
						CreatedOnToolsVersion = 13.4.1;
					};
				};
			};
			buildConfigurationList = 817AAE7928BD94D000D5D870 /* Build configuration list for PBXProject "SeSACWeek9" */;
			compatibilityVersion = "Xcode 13.0";
			developmentRegion = en;
			hasScannedForEncodings = 0;
			knownRegions = (
				en,
				Base,
				ko,
				ja,
			);
			mainGroup = 817AAE7528BD94D000D5D870;
			productRefGroup = 817AAE7F28BD94D000D5D870 /* Products */;
			projectDirPath = "";
			projectRoot = "";
			targets = (
				817AAE7D28BD94D000D5D870 /* SeSACWeek9 */,
			);
		};
/* End PBXProject section */

/* Begin PBXResourcesBuildPhase section */
		817AAE7C28BD94D000D5D870 /* Resources */ = {
			isa = PBXResourcesBuildPhase;
			buildActionMask = 2147483647;
			files = (
				817AAE8E28BD94D200D5D870 /* LaunchScreen.storyboard in Resources */,
				81CC06A928C6D595002A986F /* Localizable.strings in Resources */,
				817AAE8B28BD94D200D5D870 /* Assets.xcassets in Resources */,
				817AAE8928BD94D000D5D870 /* Main.storyboard in Resources */,
				81CC06B228C6E0D0002A986F /* InfoPlist.strings in Resources */,
			);
			runOnlyForDeploymentPostprocessing = 0;
		};
/* End PBXResourcesBuildPhase section */

/* Begin PBXSourcesBuildPhase section */
		817AAE7A28BD94D000D5D870 /* Sources */ = {
			isa = PBXSourcesBuildPhase;
			buildActionMask = 2147483647;
			files = (
				817CA62928C0484700E40423 /* LoginViewController.swift in Sources */,
				817AAE8628BD94D000D5D870 /* ViewController.swift in Sources */,
				817CA5DA28BEFC0F00E40423 /* PersonViewModel.swift in Sources */,
				817CA62D28C05AE400E40423 /* LottoViewController.swift in Sources */,
				817AAE9928BD9BC200D5D870 /* Lotto.swift in Sources */,
				817CA62F28C05C1900E40423 /* LottoViewModel.swift in Sources */,
				817AAE8228BD94D000D5D870 /* AppDelegate.swift in Sources */,
				817AAE9C28BDA73500D5D870 /* PersonAPIManager.swift in Sources */,
				817CA5D828BEF8D000E40423 /* Observable.swift in Sources */,
				817AAE9E28BDA88400D5D870 /* Person.swift in Sources */,
				817CA62B28C049FC00E40423 /* LoginViewModel.swift in Sources */,
				817AAE8428BD94D000D5D870 /* SceneDelegate.swift in Sources */,
				817AAEA028BDB75800D5D870 /* URLSession + Extension.swift in Sources */,
				817CA62728C037F400E40423 /* Sample.swift in Sources */,
				817AAE9728BD94EC00D5D870 /* LottoAPIManager.swift in Sources */,
				81CFA5A028C1865E00C1C04A /* GCDViewController.swift in Sources */,
				81CC06AF28C6D951002A986F /* LocalizableViewController.swift in Sources */,
			);
			runOnlyForDeploymentPostprocessing = 0;
		};
/* End PBXSourcesBuildPhase section */

/* Begin PBXVariantGroup section */
		817AAE8728BD94D000D5D870 /* Main.storyboard */ = {
			isa = PBXVariantGroup;
			children = (
				817AAE8828BD94D000D5D870 /* Base */,
				811925DA28C6D03900A190A8 /* ko */,
				81CC06A328C6D094002A986F /* ja */,
				81CC06A628C6D1A8002A986F /* en */,
			);
			name = Main.storyboard;
			sourceTree = "<group>";
		};
		817AAE8C28BD94D200D5D870 /* LaunchScreen.storyboard */ = {
			isa = PBXVariantGroup;
			children = (
				817AAE8D28BD94D200D5D870 /* Base */,
				811925DB28C6D03900A190A8 /* ko */,
				81CC06A428C6D094002A986F /* ja */,
			);
			name = LaunchScreen.storyboard;
			sourceTree = "<group>";
		};
		81CC06AB28C6D595002A986F /* Localizable.strings */ = {
			isa = PBXVariantGroup;
			children = (
				81CC06AA28C6D595002A986F /* ko */,
				81CC06AC28C6D5A9002A986F /* en */,
				81CC06AD28C6D5A9002A986F /* ja */,
			);
			name = Localizable.strings;
			sourceTree = "<group>";
		};
		81CC06B428C6E0D0002A986F /* InfoPlist.strings */ = {
			isa = PBXVariantGroup;
			children = (
				81CC06B328C6E0D0002A986F /* en */,
				81CC06B528C6E0D1002A986F /* ja */,
				81CC06B628C6E0D1002A986F /* ko */,
			);
			name = InfoPlist.strings;
			sourceTree = "<group>";
		};
/* End PBXVariantGroup section */

/* Begin XCBuildConfiguration section */
		817AAE9028BD94D200D5D870 /* Debug */ = {
			isa = XCBuildConfiguration;
			buildSettings = {
				ALWAYS_SEARCH_USER_PATHS = NO;
				CLANG_ANALYZER_LOCALIZABILITY_NONLOCALIZED = YES;
				CLANG_ANALYZER_NONNULL = YES;
				CLANG_ANALYZER_NUMBER_OBJECT_CONVERSION = YES_AGGRESSIVE;
				CLANG_CXX_LANGUAGE_STANDARD = "gnu++17";
				CLANG_ENABLE_MODULES = YES;
				CLANG_ENABLE_OBJC_ARC = YES;
				CLANG_ENABLE_OBJC_WEAK = YES;
				CLANG_WARN_BLOCK_CAPTURE_AUTORELEASING = YES;
				CLANG_WARN_BOOL_CONVERSION = YES;
				CLANG_WARN_COMMA = YES;
				CLANG_WARN_CONSTANT_CONVERSION = YES;
				CLANG_WARN_DEPRECATED_OBJC_IMPLEMENTATIONS = YES;
				CLANG_WARN_DIRECT_OBJC_ISA_USAGE = YES_ERROR;
				CLANG_WARN_DOCUMENTATION_COMMENTS = YES;
				CLANG_WARN_EMPTY_BODY = YES;
				CLANG_WARN_ENUM_CONVERSION = YES;
				CLANG_WARN_INFINITE_RECURSION = YES;
				CLANG_WARN_INT_CONVERSION = YES;
				CLANG_WARN_NON_LITERAL_NULL_CONVERSION = YES;
				CLANG_WARN_OBJC_IMPLICIT_RETAIN_SELF = YES;
				CLANG_WARN_OBJC_LITERAL_CONVERSION = YES;
				CLANG_WARN_OBJC_ROOT_CLASS = YES_ERROR;
				CLANG_WARN_QUOTED_INCLUDE_IN_FRAMEWORK_HEADER = YES;
				CLANG_WARN_RANGE_LOOP_ANALYSIS = YES;
				CLANG_WARN_STRICT_PROTOTYPES = YES;
				CLANG_WARN_SUSPICIOUS_MOVE = YES;
				CLANG_WARN_UNGUARDED_AVAILABILITY = YES_AGGRESSIVE;
				CLANG_WARN_UNREACHABLE_CODE = YES;
				CLANG_WARN__DUPLICATE_METHOD_MATCH = YES;
				COPY_PHASE_STRIP = NO;
				DEBUG_INFORMATION_FORMAT = dwarf;
				ENABLE_STRICT_OBJC_MSGSEND = YES;
				ENABLE_TESTABILITY = YES;
				GCC_C_LANGUAGE_STANDARD = gnu11;
				GCC_DYNAMIC_NO_PIC = NO;
				GCC_NO_COMMON_BLOCKS = YES;
				GCC_OPTIMIZATION_LEVEL = 0;
				GCC_PREPROCESSOR_DEFINITIONS = (
					"DEBUG=1",
					"$(inherited)",
				);
				GCC_WARN_64_TO_32_BIT_CONVERSION = YES;
				GCC_WARN_ABOUT_RETURN_TYPE = YES_ERROR;
				GCC_WARN_UNDECLARED_SELECTOR = YES;
				GCC_WARN_UNINITIALIZED_AUTOS = YES_AGGRESSIVE;
				GCC_WARN_UNUSED_FUNCTION = YES;
				GCC_WARN_UNUSED_VARIABLE = YES;
				IPHONEOS_DEPLOYMENT_TARGET = 15.5;
				MTL_ENABLE_DEBUG_INFO = INCLUDE_SOURCE;
				MTL_FAST_MATH = YES;
				ONLY_ACTIVE_ARCH = YES;
				SDKROOT = iphoneos;
				SWIFT_ACTIVE_COMPILATION_CONDITIONS = DEBUG;
				SWIFT_OPTIMIZATION_LEVEL = "-Onone";
			};
			name = Debug;
		};
		817AAE9128BD94D200D5D870 /* Release */ = {
			isa = XCBuildConfiguration;
			buildSettings = {
				ALWAYS_SEARCH_USER_PATHS = NO;
				CLANG_ANALYZER_LOCALIZABILITY_NONLOCALIZED = YES;
				CLANG_ANALYZER_NONNULL = YES;
				CLANG_ANALYZER_NUMBER_OBJECT_CONVERSION = YES_AGGRESSIVE;
				CLANG_CXX_LANGUAGE_STANDARD = "gnu++17";
				CLANG_ENABLE_MODULES = YES;
				CLANG_ENABLE_OBJC_ARC = YES;
				CLANG_ENABLE_OBJC_WEAK = YES;
				CLANG_WARN_BLOCK_CAPTURE_AUTORELEASING = YES;
				CLANG_WARN_BOOL_CONVERSION = YES;
				CLANG_WARN_COMMA = YES;
				CLANG_WARN_CONSTANT_CONVERSION = YES;
				CLANG_WARN_DEPRECATED_OBJC_IMPLEMENTATIONS = YES;
				CLANG_WARN_DIRECT_OBJC_ISA_USAGE = YES_ERROR;
				CLANG_WARN_DOCUMENTATION_COMMENTS = YES;
				CLANG_WARN_EMPTY_BODY = YES;
				CLANG_WARN_ENUM_CONVERSION = YES;
				CLANG_WARN_INFINITE_RECURSION = YES;
				CLANG_WARN_INT_CONVERSION = YES;
				CLANG_WARN_NON_LITERAL_NULL_CONVERSION = YES;
				CLANG_WARN_OBJC_IMPLICIT_RETAIN_SELF = YES;
				CLANG_WARN_OBJC_LITERAL_CONVERSION = YES;
				CLANG_WARN_OBJC_ROOT_CLASS = YES_ERROR;
				CLANG_WARN_QUOTED_INCLUDE_IN_FRAMEWORK_HEADER = YES;
				CLANG_WARN_RANGE_LOOP_ANALYSIS = YES;
				CLANG_WARN_STRICT_PROTOTYPES = YES;
				CLANG_WARN_SUSPICIOUS_MOVE = YES;
				CLANG_WARN_UNGUARDED_AVAILABILITY = YES_AGGRESSIVE;
				CLANG_WARN_UNREACHABLE_CODE = YES;
				CLANG_WARN__DUPLICATE_METHOD_MATCH = YES;
				COPY_PHASE_STRIP = NO;
				DEBUG_INFORMATION_FORMAT = "dwarf-with-dsym";
				ENABLE_NS_ASSERTIONS = NO;
				ENABLE_STRICT_OBJC_MSGSEND = YES;
				GCC_C_LANGUAGE_STANDARD = gnu11;
				GCC_NO_COMMON_BLOCKS = YES;
				GCC_WARN_64_TO_32_BIT_CONVERSION = YES;
				GCC_WARN_ABOUT_RETURN_TYPE = YES_ERROR;
				GCC_WARN_UNDECLARED_SELECTOR = YES;
				GCC_WARN_UNINITIALIZED_AUTOS = YES_AGGRESSIVE;
				GCC_WARN_UNUSED_FUNCTION = YES;
				GCC_WARN_UNUSED_VARIABLE = YES;
				IPHONEOS_DEPLOYMENT_TARGET = 15.5;
				MTL_ENABLE_DEBUG_INFO = NO;
				MTL_FAST_MATH = YES;
				SDKROOT = iphoneos;
				SWIFT_COMPILATION_MODE = wholemodule;
				SWIFT_OPTIMIZATION_LEVEL = "-O";
				VALIDATE_PRODUCT = YES;
			};
			name = Release;
		};
		817AAE9328BD94D200D5D870 /* Debug */ = {
			isa = XCBuildConfiguration;
			buildSettings = {
				ASSETCATALOG_COMPILER_APPICON_NAME = AppIcon;
				ASSETCATALOG_COMPILER_GLOBAL_ACCENT_COLOR_NAME = AccentColor;
				CODE_SIGN_STYLE = Automatic;
				CURRENT_PROJECT_VERSION = 1;
				GENERATE_INFOPLIST_FILE = YES;
				INFOPLIST_FILE = SeSACWeek9/Info.plist;
				INFOPLIST_KEY_UIApplicationSupportsIndirectInputEvents = YES;
				INFOPLIST_KEY_UILaunchStoryboardName = LaunchScreen;
				INFOPLIST_KEY_UIMainStoryboardFile = Main;
				INFOPLIST_KEY_UISupportedInterfaceOrientations_iPad = "UIInterfaceOrientationPortrait UIInterfaceOrientationPortraitUpsideDown UIInterfaceOrientationLandscapeLeft UIInterfaceOrientationLandscapeRight";
				INFOPLIST_KEY_UISupportedInterfaceOrientations_iPhone = "UIInterfaceOrientationPortrait UIInterfaceOrientationLandscapeLeft UIInterfaceOrientationLandscapeRight";
				LD_RUNPATH_SEARCH_PATHS = (
					"$(inherited)",
					"@executable_path/Frameworks",
				);
				MARKETING_VERSION = 1.0;
				PRODUCT_BUNDLE_IDENTIFIER = com.daniel.SeSACWeek9;
				PRODUCT_NAME = "$(TARGET_NAME)";
				SWIFT_EMIT_LOC_STRINGS = YES;
				SWIFT_VERSION = 5.0;
				TARGETED_DEVICE_FAMILY = "1,2";
			};
			name = Debug;
		};
		817AAE9428BD94D200D5D870 /* Release */ = {
			isa = XCBuildConfiguration;
			buildSettings = {
				ASSETCATALOG_COMPILER_APPICON_NAME = AppIcon;
				ASSETCATALOG_COMPILER_GLOBAL_ACCENT_COLOR_NAME = AccentColor;
				CODE_SIGN_STYLE = Automatic;
				CURRENT_PROJECT_VERSION = 1;
				GENERATE_INFOPLIST_FILE = YES;
				INFOPLIST_FILE = SeSACWeek9/Info.plist;
				INFOPLIST_KEY_UIApplicationSupportsIndirectInputEvents = YES;
				INFOPLIST_KEY_UILaunchStoryboardName = LaunchScreen;
				INFOPLIST_KEY_UIMainStoryboardFile = Main;
				INFOPLIST_KEY_UISupportedInterfaceOrientations_iPad = "UIInterfaceOrientationPortrait UIInterfaceOrientationPortraitUpsideDown UIInterfaceOrientationLandscapeLeft UIInterfaceOrientationLandscapeRight";
				INFOPLIST_KEY_UISupportedInterfaceOrientations_iPhone = "UIInterfaceOrientationPortrait UIInterfaceOrientationLandscapeLeft UIInterfaceOrientationLandscapeRight";
				LD_RUNPATH_SEARCH_PATHS = (
					"$(inherited)",
					"@executable_path/Frameworks",
				);
				MARKETING_VERSION = 1.0;
				PRODUCT_BUNDLE_IDENTIFIER = com.daniel.SeSACWeek9;
				PRODUCT_NAME = "$(TARGET_NAME)";
				SWIFT_EMIT_LOC_STRINGS = YES;
				SWIFT_VERSION = 5.0;
				TARGETED_DEVICE_FAMILY = "1,2";
			};
			name = Release;
		};
/* End XCBuildConfiguration section */

/* Begin XCConfigurationList section */
		817AAE7928BD94D000D5D870 /* Build configuration list for PBXProject "SeSACWeek9" */ = {
			isa = XCConfigurationList;
			buildConfigurations = (
				817AAE9028BD94D200D5D870 /* Debug */,
				817AAE9128BD94D200D5D870 /* Release */,
			);
			defaultConfigurationIsVisible = 0;
			defaultConfigurationName = Release;
		};
		817AAE9228BD94D200D5D870 /* Build configuration list for PBXNativeTarget "SeSACWeek9" */ = {
			isa = XCConfigurationList;
			buildConfigurations = (
				817AAE9328BD94D200D5D870 /* Debug */,
				817AAE9428BD94D200D5D870 /* Release */,
			);
			defaultConfigurationIsVisible = 0;
			defaultConfigurationName = Release;
		};
/* End XCConfigurationList section */
	};
	rootObject = 817AAE7628BD94D000D5D870 /* Project object */;
}
